
Microsoft Visual Studio Solution File, Format Version 12.00
# Visual Studio Version 17
VisualStudioVersion = 17.9.34616.47
MinimumVisualStudioVersion = 10.0.40219.1
Project("{9A19103F-16F7-4668-BE54-9A1E7A4F7556}") = "Entities", "Entities\Entities.csproj", "{77D9A018-B126-4276-BB16-6C0A7E17AFF2}"
EndProject
Project("{9A19103F-16F7-4668-BE54-9A1E7A4F7556}") = "Business", "Business\Business.csproj", "{562E6C4F-C90F-422A-8092-BC9FAED1B1BD}"
EndProject
Project("{FAE04EC0-301F-11D3-BF4B-00C04F79EFBC}") = "Workaround", "Workaround\Workaround.csproj", "{55309BC2-7EF3-4583-B6CC-328FEDCF61C3}"
EndProject
Global
	GlobalSection(SolutionConfigurationPlatforms) = preSolution
		Debug|Any CPU = Debug|Any CPU
		Release|Any CPU = Release|Any CPU
	EndGlobalSection
	GlobalSection(ProjectConfigurationPlatforms) = postSolution
		{77D9A018-B126-4276-BB16-6C0A7E17AFF2}.Debug|Any CPU.ActiveCfg = Debug|Any CPU
		{77D9A018-B126-4276-BB16-6C0A7E17AFF2}.Debug|Any CPU.Build.0 = Debug|Any CPU
		{77D9A018-B126-4276-BB16-6C0A7E17AFF2}.Release|Any CPU.ActiveCfg = Release|Any CPU
		{77D9A018-B126-4276-BB16-6C0A7E17AFF2}.Release|Any CPU.Build.0 = Release|Any CPU
		{562E6C4F-C90F-422A-8092-BC9FAED1B1BD}.Debug|Any CPU.ActiveCfg = Debug|Any CPU
		{562E6C4F-C90F-422A-8092-BC9FAED1B1BD}.Debug|Any CPU.Build.0 = Debug|Any CPU
		{562E6C4F-C90F-422A-8092-BC9FAED1B1BD}.Release|Any CPU.ActiveCfg = Release|Any CPU
		{562E6C4F-C90F-422A-8092-BC9FAED1B1BD}.Release|Any CPU.Build.0 = Release|Any CPU
		{55309BC2-7EF3-4583-B6CC-328FEDCF61C3}.Debug|Any CPU.ActiveCfg = Debug|Any CPU
		{55309BC2-7EF3-4583-B6CC-328FEDCF61C3}.Debug|Any CPU.Build.0 = Debug|Any CPU
		{55309BC2-7EF3-4583-B6CC-328FEDCF61C3}.Release|Any CPU.ActiveCfg = Release|Any CPU
		{55309BC2-7EF3-4583-B6CC-328FEDCF61C3}.Release|Any CPU.Build.0 = Release|Any CPU
	EndGlobalSection
	GlobalSection(SolutionProperties) = preSolution
		HideSolutionNode = FALSE
	EndGlobalSection
	GlobalSection(ExtensibilityGlobals) = postSolution
		SolutionGuid = {59113404-421D-44A2-8AF5-84DD2D0B7570}
	EndGlobalSection
EndGlobal
